
Microsoft Visual Studio Solution File, Format Version 12.00
# Visual Studio Version 16
VisualStudioVersion = 16.0.29613.14
MinimumVisualStudioVersion = 10.0.40219.1
Project("{FAE04EC0-301F-11D3-BF4B-00C04F79EFBC}") = "DistSyst_Lab1", "DistSyst_Lab1.csproj", "{685F9E9F-A10E-4945-B55A-AAF20F913AC3}"
EndProject
Project("{FAE04EC0-301F-11D3-BF4B-00C04F79EFBC}") = "GUI", "..\GUI\GUI.csproj", "{71CB69E9-2695-430A-8A24-E5F29DB5D9DB}"
EndProject
Project("{FAE04EC0-301F-11D3-BF4B-00C04F79EFBC}") = "TranslationInterface", "..\TranslationInterface\TranslationInterface.csproj", "{213C7F04-50E7-4A2F-9CF5-4E7EAB74BC09}"
EndProject
Global
	GlobalSection(SolutionConfigurationPlatforms) = preSolution
		Debug|Any CPU = Debug|Any CPU
		Release|Any CPU = Release|Any CPU
	EndGlobalSection
	GlobalSection(ProjectConfigurationPlatforms) = postSolution
		{685F9E9F-A10E-4945-B55A-AAF20F913AC3}.Debug|Any CPU.ActiveCfg = Debug|Any CPU
		{685F9E9F-A10E-4945-B55A-AAF20F913AC3}.Debug|Any CPU.Build.0 = Debug|Any CPU
		{685F9E9F-A10E-4945-B55A-AAF20F913AC3}.Release|Any CPU.ActiveCfg = Release|Any CPU
		{685F9E9F-A10E-4945-B55A-AAF20F913AC3}.Release|Any CPU.Build.0 = Release|Any CPU
		{71CB69E9-2695-430A-8A24-E5F29DB5D9DB}.Debug|Any CPU.ActiveCfg = Debug|Any CPU
		{71CB69E9-2695-430A-8A24-E5F29DB5D9DB}.Debug|Any CPU.Build.0 = Debug|Any CPU
		{71CB69E9-2695-430A-8A24-E5F29DB5D9DB}.Release|Any CPU.ActiveCfg = Release|Any CPU
		{71CB69E9-2695-430A-8A24-E5F29DB5D9DB}.Release|Any CPU.Build.0 = Release|Any CPU
		{213C7F04-50E7-4A2F-9CF5-4E7EAB74BC09}.Debug|Any CPU.ActiveCfg = Debug|Any CPU
		{213C7F04-50E7-4A2F-9CF5-4E7EAB74BC09}.Debug|Any CPU.Build.0 = Debug|Any CPU
		{213C7F04-50E7-4A2F-9CF5-4E7EAB74BC09}.Release|Any CPU.ActiveCfg = Release|Any CPU
		{213C7F04-50E7-4A2F-9CF5-4E7EAB74BC09}.Release|Any CPU.Build.0 = Release|Any CPU
	EndGlobalSection
	GlobalSection(SolutionProperties) = preSolution
		HideSolutionNode = FALSE
	EndGlobalSection
	GlobalSection(ExtensibilityGlobals) = postSolution
		SolutionGuid = {EBC77E80-E416-4EAA-B8E8-12A545B89633}
	EndGlobalSection
EndGlobal
